
Microsoft Visual Studio Solution File, Format Version 12.00
# Visual Studio Version 17
VisualStudioVersion = 17.1.32210.238
MinimumVisualStudioVersion = 10.0.40219.1
Project("{FAE04EC0-301F-11D3-BF4B-00C04F79EFBC}") = "Vanguard.CamoTracker.API", "Vanguard.CamoTracker.API\Vanguard.CamoTracker.API.csproj", "{19622D46-B88E-4459-B48C-7E390E524526}"
EndProject
Project("{FAE04EC0-301F-11D3-BF4B-00C04F79EFBC}") = "Vanguard.CamoTracker.Data", "Vanguard.CamoTracker.Data\Vanguard.CamoTracker.Data.csproj", "{A7C838F7-5464-414F-9CED-7F2A5C0DE35C}"
EndProject
Global
	GlobalSection(SolutionConfigurationPlatforms) = preSolution
		Debug|Any CPU = Debug|Any CPU
		Release|Any CPU = Release|Any CPU
	EndGlobalSection
	GlobalSection(ProjectConfigurationPlatforms) = postSolution
		{19622D46-B88E-4459-B48C-7E390E524526}.Debug|Any CPU.ActiveCfg = Debug|Any CPU
		{19622D46-B88E-4459-B48C-7E390E524526}.Debug|Any CPU.Build.0 = Debug|Any CPU
		{19622D46-B88E-4459-B48C-7E390E524526}.Release|Any CPU.ActiveCfg = Release|Any CPU
		{19622D46-B88E-4459-B48C-7E390E524526}.Release|Any CPU.Build.0 = Release|Any CPU
		{A7C838F7-5464-414F-9CED-7F2A5C0DE35C}.Debug|Any CPU.ActiveCfg = Debug|Any CPU
		{A7C838F7-5464-414F-9CED-7F2A5C0DE35C}.Debug|Any CPU.Build.0 = Debug|Any CPU
		{A7C838F7-5464-414F-9CED-7F2A5C0DE35C}.Release|Any CPU.ActiveCfg = Release|Any CPU
		{A7C838F7-5464-414F-9CED-7F2A5C0DE35C}.Release|Any CPU.Build.0 = Release|Any CPU
	EndGlobalSection
	GlobalSection(SolutionProperties) = preSolution
		HideSolutionNode = FALSE
	EndGlobalSection
	GlobalSection(ExtensibilityGlobals) = postSolution
		SolutionGuid = {818112C0-FAEE-4C01-96B7-3CB5065B8A11}
	EndGlobalSection
EndGlobal
